
Microsoft Visual Studio Solution File, Format Version 12.00
# Visual Studio Version 17
VisualStudioVersion = 17.9.34728.123
MinimumVisualStudioVersion = 10.0.40219.1
Project("{9A19103F-16F7-4668-BE54-9A1E7A4F7556}") = "API_Automation", "API_Automation\API_Automation.csproj", "{7FAC51E8-3CA0-46E0-8625-46DB3F0CCD0B}"
EndProject
Project("{FAE04EC0-301F-11D3-BF4B-00C04F79EFBC}") = "TestSpecFlow", "TestSpecFlow\TestSpecFlow.csproj", "{6E4ED25D-784F-483C-BDE6-9538B1441ADF}"
EndProject
Global
	GlobalSection(SolutionConfigurationPlatforms) = preSolution
		Debug|Any CPU = Debug|Any CPU
		Release|Any CPU = Release|Any CPU
	EndGlobalSection
	GlobalSection(ProjectConfigurationPlatforms) = postSolution
		{7FAC51E8-3CA0-46E0-8625-46DB3F0CCD0B}.Debug|Any CPU.ActiveCfg = Debug|Any CPU
		{7FAC51E8-3CA0-46E0-8625-46DB3F0CCD0B}.Debug|Any CPU.Build.0 = Debug|Any CPU
		{7FAC51E8-3CA0-46E0-8625-46DB3F0CCD0B}.Release|Any CPU.ActiveCfg = Release|Any CPU
		{7FAC51E8-3CA0-46E0-8625-46DB3F0CCD0B}.Release|Any CPU.Build.0 = Release|Any CPU
		{6E4ED25D-784F-483C-BDE6-9538B1441ADF}.Debug|Any CPU.ActiveCfg = Debug|Any CPU
		{6E4ED25D-784F-483C-BDE6-9538B1441ADF}.Debug|Any CPU.Build.0 = Debug|Any CPU
		{6E4ED25D-784F-483C-BDE6-9538B1441ADF}.Release|Any CPU.ActiveCfg = Release|Any CPU
		{6E4ED25D-784F-483C-BDE6-9538B1441ADF}.Release|Any CPU.Build.0 = Release|Any CPU
	EndGlobalSection
	GlobalSection(SolutionProperties) = preSolution
		HideSolutionNode = FALSE
	EndGlobalSection
	GlobalSection(ExtensibilityGlobals) = postSolution
		SolutionGuid = {4936E5AE-49F9-4864-ADFD-5F7DDF046394}
	EndGlobalSection
EndGlobal
